---
lockfileVersion: '9.0'

importers:

  .:
    configDependencies: {}
    packageManagerDependencies:
      '@pnpm/exe':
        specifier: 11.7.0
        version: 11.7.0
      pnpm:
        specifier: 11.7.0
        version: 11.7.0

packages:

  '@pnpm/exe@11.7.0':
    resolution: {integrity: sha512-3CujpSSp2PIDE0pwu7mWSdjhdDqaZa7OppVooECWWaNEoA/z66s9FZts1MhDO+2yq1XER4gBHh84DVbFN/r1rA==}
    hasBin: true

  '@pnpm/linux-arm64@11.7.0':
    resolution: {integrity: sha512-ANTX2SlMO+d2y/4bYQhHCwHPX7gSSADJ5+pMUIiDFzIsybnFFaJdZboaFfq9NOxCbETcnDxqZ95Rz3+NHx1JIw==}
    cpu: [arm64]
    os: [linux]

  '@pnpm/linux-x64@11.7.0':
    resolution: {integrity: sha512-fr75tqixXoS8cnA81HQIomjOGEPnsOsd3xCDL5pMNY5raOXbKurtgRV+RjATvjxlJxSLIVFKegABlxAiB7q72A==}
    cpu: [x64]
    os: [linux]

  '@pnpm/linuxstatic-arm64@11.7.0':
    resolution: {integrity: sha512-Q++pgzvXkGeqnVRl26/uqmpMGdttQus0rGyL3XIfYGLCi8ZfajYUaCKdZID2MH7+CNOuugWDdFDup3r7BR7Rfg==}
    cpu: [arm64]
    os: [linux]
    libc: [musl]

  '@pnpm/linuxstatic-x64@11.7.0':
    resolution: {integrity: sha512-z1+exW6ocU/rmOvJnmU3FUBJYaryCUqFoaXN6KZW5BqTj7BPJb7HJcAyXRlirNZMJlEiUY5rXbfStGPQJhGsVA==}
    cpu: [x64]
    os: [linux]
    libc: [musl]

  '@pnpm/macos-arm64@11.7.0':
    resolution: {integrity: sha512-gD34/k3JT5oab4BYaqrUor3e4VdwXvkfLNlEI+lvDtX1MHT+2Nauc9p9NsQnpn1zE8blQEflzbF8wAUQ6Dmvkw==}
    cpu: [arm64]
    os: [darwin]

  '@pnpm/win-arm64@11.7.0':
    resolution: {integrity: sha512-hRTcDmm2j7KoRwbqNo0rUAu9A1kVJN98Eob7H09U0uPJbEMax85JGOmERkT3Lf6HjVJuFNBvfaJ3OTI3HmlVGg==}
    cpu: [arm64]
    os: [win32]

  '@pnpm/win-x64@11.7.0':
    resolution: {integrity: sha512-r/1NuKY7Z+6ZXVIzVrUEMj6TTEBdR63geV4Rlm8HKEhgQTdxyIsJoqV3FJGqoyzbRaScObqAwRfMaK9dskPddQ==}
    cpu: [x64]
    os: [win32]

  '@reflink/reflink-darwin-arm64@0.1.19':
    resolution: {integrity: sha512-ruy44Lpepdk1FqDz38vExBY/PVUsjxZA+chd9wozjUH9JjuDT/HEaQYA6wYN9mf041l0yLVar6BCZuWABJvHSA==}
    engines: {node: '>= 10'}
    cpu: [arm64]
    os: [darwin]

  '@reflink/reflink-darwin-x64@0.1.19':
    resolution: {integrity: sha512-By85MSWrMZa+c26TcnAy8SDk0sTUkYlNnwknSchkhHpGXOtjNDUOxJE9oByBnGbeuIE1PiQsxDG3Ud+IVV9yuA==}
    engines: {node: '>= 10'}
    cpu: [x64]
    os: [darwin]

  '@reflink/reflink-linux-arm64-gnu@0.1.19':
    resolution: {integrity: sha512-7P+er8+rP9iNeN+bfmccM4hTAaLP6PQJPKWSA4iSk2bNvo6KU6RyPgYeHxXmzNKzPVRcypZQTpFgstHam6maVg==}
    engines: {node: '>= 10'}
    cpu: [arm64]
    os: [linux]
    libc: [glibc]

  '@reflink/reflink-linux-arm64-musl@0.1.19':
    resolution: {integrity: sha512-37iO/Dp6m5DDaC2sf3zPtx/hl9FV3Xze4xoYidrxxS9bgP3S8ALroxRK6xBG/1TtfXKTvolvp+IjrUU6ujIGmA==}
    engines: {node: '>= 10'}
    cpu: [arm64]
    os: [linux]
    libc: [musl]

  '@reflink/reflink-linux-x64-gnu@0.1.19':
    resolution: {integrity: sha512-jbI8jvuYCaA3MVUdu8vLoLAFqC+iNMpiSuLbxlAgg7x3K5bsS8nOpTRnkLF7vISJ+rVR8W+7ThXlXlUQ93ulkw==}
    engines: {node: '>= 10'}
    cpu: [x64]
    os: [linux]
    libc: [glibc]

  '@reflink/reflink-linux-x64-musl@0.1.19':
    resolution: {integrity: sha512-e9FBWDe+lv7QKAwtKOt6A2W/fyy/aEEfr0g6j/hWzvQcrzHCsz07BNQYlNOjTfeytrtLU7k449H1PI95jA4OjQ==}
    engines: {node: '>= 10'}
    cpu: [x64]
    os: [linux]
    libc: [musl]

  '@reflink/reflink-win32-arm64-msvc@0.1.19':
    resolution: {integrity: sha512-09PxnVIQcd+UOn4WAW73WU6PXL7DwGS6wPlkMhMg2zlHHG65F3vHepOw06HFCq+N42qkaNAc8AKIabWvtk6cIQ==}
    engines: {node: '>= 10'}
    cpu: [arm64]
    os: [win32]

  '@reflink/reflink-win32-x64-msvc@0.1.19':
    resolution: {integrity: sha512-E//yT4ni2SyhwP8JRjVGWr3cbnhWDiPLgnQ66qqaanjjnMiu3O/2tjCPQXlcGc/DEYofpDc9fvhv6tALQsMV9w==}
    engines: {node: '>= 10'}
    cpu: [x64]
    os: [win32]

  '@reflink/reflink@0.1.19':
    resolution: {integrity: sha512-DmCG8GzysnCZ15bres3N5AHCmwBwYgp0As6xjhQ47rAUTUXxJiK+lLUxaGsX3hd/30qUpVElh05PbGuxRPgJwA==}
    engines: {node: '>= 10'}

  detect-libc@2.1.2:
    resolution: {integrity: sha512-Btj2BOOO83o3WyH59e8MgXsxEQVcarkUOpEYrubB0urwnN10yQ364rsiByU11nZlqWYZm05i/of7io4mzihBtQ==}
    engines: {node: '>=8'}

  pnpm@11.7.0:
    resolution: {integrity: sha512-GcyFLBIMcSV2DyRD7mvgyltA+fUFmN4aCaHxd1A+AQ5Xwjx3ZG4B52HeWb+HT7IqM5jDOrlpH8E+uUa28PTWIA==}
    engines: {node: '>=22.13'}
    hasBin: true

snapshots:

  '@pnpm/exe@11.7.0':
    dependencies:
      '@reflink/reflink': 0.1.19
      detect-libc: 2.1.2
    optionalDependencies:
      '@pnpm/linux-arm64': 11.7.0
      '@pnpm/linux-x64': 11.7.0
      '@pnpm/linuxstatic-arm64': 11.7.0
      '@pnpm/linuxstatic-x64': 11.7.0
      '@pnpm/macos-arm64': 11.7.0
      '@pnpm/win-arm64': 11.7.0
      '@pnpm/win-x64': 11.7.0

  '@pnpm/linux-arm64@11.7.0':
    optional: true

  '@pnpm/linux-x64@11.7.0':
    optional: true

  '@pnpm/linuxstatic-arm64@11.7.0':
    optional: true

  '@pnpm/linuxstatic-x64@11.7.0':
    optional: true

  '@pnpm/macos-arm64@11.7.0':
    optional: true

  '@pnpm/win-arm64@11.7.0':
    optional: true

  '@pnpm/win-x64@11.7.0':
    optional: true

  '@reflink/reflink-darwin-arm64@0.1.19':
    optional: true

  '@reflink/reflink-darwin-x64@0.1.19':
    optional: true

  '@reflink/reflink-linux-arm64-gnu@0.1.19':
    optional: true

  '@reflink/reflink-linux-arm64-musl@0.1.19':
    optional: true

  '@reflink/reflink-linux-x64-gnu@0.1.19':
    optional: true

  '@reflink/reflink-linux-x64-musl@0.1.19':
    optional: true

  '@reflink/reflink-win32-arm64-msvc@0.1.19':
    optional: true

  '@reflink/reflink-win32-x64-msvc@0.1.19':
    optional: true

  '@reflink/reflink@0.1.19':
    optionalDependencies:
      '@reflink/reflink-darwin-arm64': 0.1.19
      '@reflink/reflink-darwin-x64': 0.1.19
      '@reflink/reflink-linux-arm64-gnu': 0.1.19
      '@reflink/reflink-linux-arm64-musl': 0.1.19
      '@reflink/reflink-linux-x64-gnu': 0.1.19
      '@reflink/reflink-linux-x64-musl': 0.1.19
      '@reflink/reflink-win32-arm64-msvc': 0.1.19
      '@reflink/reflink-win32-x64-msvc': 0.1.19

  detect-libc@2.1.2: {}

  pnpm@11.7.0: {}

---
lockfileVersion: '9.0'

settings:
  autoInstallPeers: true
  excludeLinksFromLockfile: false

importers:

  .:
    dependencies:
      '@fontsource/be-vietnam-pro':
        specifier: ^5.2.8
        version: 5.2.8
      '@fontsource/fira-code':
        specifier: ^5.2.7
        version: 5.2.7
      '@fontsource/noto-sans':
        specifier: ^5.2.10
        version: 5.2.10
      '@fontsource/noto-sans-jp':
        specifier: ^5.2.9
        version: 5.2.9
      '@fontsource/noto-sans-kr':
        specifier: ^5.2.9
        version: 5.2.9
      '@fontsource/noto-sans-tc':
        specifier: ^5.2.9
        version: 5.2.9
      '@fontsource/noto-serif':
        specifier: ^5.2.9
        version: 5.2.9
      '@fontsource/noto-serif-jp':
        specifier: ^5.2.8
        version: 5.2.8
      '@fontsource/noto-serif-kr':
        specifier: ^5.2.9
        version: 5.2.9
      '@fontsource/noto-serif-tc':
        specifier: ^5.2.10
        version: 5.2.10
    devDependencies:
      '@playwright/test':
        specifier: ^1.61.1
        version: 1.61.1

packages:

  '@fontsource/be-vietnam-pro@5.2.8':
    resolution: {integrity: sha512-lqTtfpkAy0GdFH0fqwR0sW4VP+3CNGaQV6SpW2TSZaNmixZMlou+2dp5ErGidrS1MPiDDPfPbfW2i358PVFLZA==}

  '@fontsource/fira-code@5.2.7':
    resolution: {integrity: sha512-tnB9NNund9TwIym8/7DMJe573nlPEQb+fKUV5GL8TBYXjIhDvL0D7mgmNVNQUPhXp+R7RylQeiBdkA4EbOHPGQ==}

  '@fontsource/noto-sans-jp@5.2.9':
    resolution: {integrity: sha512-6yVGiofnrnbiJjU8ch4JGSs2HqyozxMvsVyVmFwOnDH3u//qQKLqmKM4n0lqN0637uaJNzUW9nIJqbbMgHVQzw==}

  '@fontsource/noto-sans-kr@5.2.9':
    resolution: {integrity: sha512-pbF8F0rUzKkDmnk/KYGAbxjgW4TrIHdFKnV6OQ+kUC9ELCn5utrAURcEgMqq3J9SRX+FvjOz+aBCmfcC8/r7cw==}

  '@fontsource/noto-sans-tc@5.2.9':
    resolution: {integrity: sha512-Z+pXTvXYrip79lPV9X1lCYO3UTys55P25VqcifDStIzdZ86I4R6t8dz+NhGd09YdbvHWvOCB5Icw1m7glKHPNQ==}

  '@fontsource/noto-sans@5.2.10':
    resolution: {integrity: sha512-J58RVfS/C0Z2VBF+PoU260Tx8cdRGYuS+e3yQe4hYaIYDl0sEVn5CzlLo5zVRvQD0HaIUTV8AZMfqR7rtdEpqQ==}

  '@fontsource/noto-serif-jp@5.2.8':
    resolution: {integrity: sha512-x+tGrrK+4t/hoHLxAl7Ry5nN8CVPermqz0fD7HtCXzBJSxzFKxNH9y+cuOD3gZW0tyKZ2CD7WvuAfHbISvjL5Q==}

  '@fontsource/noto-serif-kr@5.2.9':
    resolution: {integrity: sha512-DqWJwPt1yduqF/XRD7S1QrJPoLw3qFxtGgp8sZMB2Tb+mahDXkVm3zD/G+MvF0fIxqSWrnl/iyHotKkfFosepw==}

  '@fontsource/noto-serif-tc@5.2.10':
    resolution: {integrity: sha512-oxetD2CojPqT3ckha45cUamUVOfuuae4mkULupvjIwv5nW/AGQmpKW2x8PvY62vixRXLs+uYqbZT1TY3RJ42tg==}

  '@fontsource/noto-serif@5.2.9':
    resolution: {integrity: sha512-A2b7XBo0dSxxTZg95Ap/HLinXq1pEM8PzSvbBFtPMZM5/1BLKEU1dR+PBnLixvOdcC7mup+/NjmyLryQ1E9WeA==}

  '@playwright/test@1.61.1':
    resolution: {integrity: sha512-8nKv6+0RJSL9FE4jYOEGXnPeM/Hg12qZpmqzZjRh3qM0Y7c3z1mrOTfFLids72RDQYVh9WpLEfR5WdpNX4fkig==}
    engines: {node: '>=18'}
    hasBin: true

  fsevents@2.3.2:
    resolution: {integrity: sha512-xiqMQR4xAeHTuB9uWm+fFRcIOgKBMiOBP+eXiyT7jsgVCq1bkVygt00oASowB7EdtpOHaaPgKt812P9ab+DDKA==}
    engines: {node: ^8.16.0 || ^10.6.0 || >=11.0.0}
    os: [darwin]

  playwright-core@1.61.1:
    resolution: {integrity: sha512-h7Qlt6m4REp25qvIdvbDtVmD4LqVXfpRxhORv9L0jzETM05p4fuPJ3dKyuSXQxDSbXnmS79HAgi9589lGSpLkg==}
    engines: {node: '>=18'}
    hasBin: true

  playwright@1.61.1:
    resolution: {integrity: sha512-DWnY5o3YbLWK4GovuAVwpqL+1VwGNdUGrRr++8j8PtQQzvAVZUIMjKQ90fY689sEJZJBbZVw1rXaOKSTitkzPQ==}
    engines: {node: '>=18'}
    hasBin: true

snapshots:

  '@fontsource/be-vietnam-pro@5.2.8': {}

  '@fontsource/fira-code@5.2.7': {}

  '@fontsource/noto-sans-jp@5.2.9': {}

  '@fontsource/noto-sans-kr@5.2.9': {}

  '@fontsource/noto-sans-tc@5.2.9': {}

  '@fontsource/noto-sans@5.2.10': {}

  '@fontsource/noto-serif-jp@5.2.8': {}

  '@fontsource/noto-serif-kr@5.2.9': {}

  '@fontsource/noto-serif-tc@5.2.10': {}

  '@fontsource/noto-serif@5.2.9': {}

  '@playwright/test@1.61.1':
    dependencies:
      playwright: 1.61.1

  fsevents@2.3.2:
    optional: true

  playwright-core@1.61.1: {}

  playwright@1.61.1:
    dependencies:
      playwright-core: 1.61.1
    optionalDependencies:
      fsevents: 2.3.2
