---
lockfileVersion: '9.0'

importers:

  .:
    configDependencies: {}
    packageManagerDependencies:
      '@pnpm/exe':
        specifier: 11.7.0
        version: 11.7.0
      pnpm:
        specifier: 11.7.0
        version: 11.7.0

packages:

  '@pnpm/exe@11.7.0':
    resolution: {integrity: sha512-3CujpSSp2PIDE0pwu7mWSdjhdDqaZa7OppVooECWWaNEoA/z66s9FZts1MhDO+2yq1XER4gBHh84DVbFN/r1rA==}
    hasBin: true

  '@pnpm/linux-arm64@11.7.0':
    resolution: {integrity: sha512-ANTX2SlMO+d2y/4bYQhHCwHPX7gSSADJ5+pMUIiDFzIsybnFFaJdZboaFfq9NOxCbETcnDxqZ95Rz3+NHx1JIw==}
    cpu: [arm64]
    os: [linux]

  '@pnpm/linux-x64@11.7.0':
    resolution: {integrity: sha512-fr75tqixXoS8cnA81HQIomjOGEPnsOsd3xCDL5pMNY5raOXbKurtgRV+RjATvjxlJxSLIVFKegABlxAiB7q72A==}
    cpu: [x64]
    os: [linux]

  '@pnpm/linuxstatic-arm64@11.7.0':
    resolution: {integrity: sha512-Q++pgzvXkGeqnVRl26/uqmpMGdttQus0rGyL3XIfYGLCi8ZfajYUaCKdZID2MH7+CNOuugWDdFDup3r7BR7Rfg==}
    cpu: [arm64]
    os: [linux]
    libc: [musl]

  '@pnpm/linuxstatic-x64@11.7.0':
    resolution: {integrity: sha512-z1+exW6ocU/rmOvJnmU3FUBJYaryCUqFoaXN6KZW5BqTj7BPJb7HJcAyXRlirNZMJlEiUY5rXbfStGPQJhGsVA==}
    cpu: [x64]
    os: [linux]
    libc: [musl]

  '@pnpm/macos-arm64@11.7.0':
    resolution: {integrity: sha512-gD34/k3JT5oab4BYaqrUor3e4VdwXvkfLNlEI+lvDtX1MHT+2Nauc9p9NsQnpn1zE8blQEflzbF8wAUQ6Dmvkw==}
    cpu: [arm64]
    os: [darwin]

  '@pnpm/win-arm64@11.7.0':
    resolution: {integrity: sha512-hRTcDmm2j7KoRwbqNo0rUAu9A1kVJN98Eob7H09U0uPJbEMax85JGOmERkT3Lf6HjVJuFNBvfaJ3OTI3HmlVGg==}
    cpu: [arm64]
    os: [win32]

  '@pnpm/win-x64@11.7.0':
    resolution: {integrity: sha512-r/1NuKY7Z+6ZXVIzVrUEMj6TTEBdR63geV4Rlm8HKEhgQTdxyIsJoqV3FJGqoyzbRaScObqAwRfMaK9dskPddQ==}
    cpu: [x64]
    os: [win32]

  '@reflink/reflink-darwin-arm64@0.1.19':
    resolution: {integrity: sha512-ruy44Lpepdk1FqDz38vExBY/PVUsjxZA+chd9wozjUH9JjuDT/HEaQYA6wYN9mf041l0yLVar6BCZuWABJvHSA==}
    engines: {node: '>= 10'}
    cpu: [arm64]
    os: [darwin]

  '@reflink/reflink-darwin-x64@0.1.19':
    resolution: {integrity: sha512-By85MSWrMZa+c26TcnAy8SDk0sTUkYlNnwknSchkhHpGXOtjNDUOxJE9oByBnGbeuIE1PiQsxDG3Ud+IVV9yuA==}
    engines: {node: '>= 10'}
    cpu: [x64]
    os: [darwin]

  '@reflink/reflink-linux-arm64-gnu@0.1.19':
    resolution: {integrity: sha512-7P+er8+rP9iNeN+bfmccM4hTAaLP6PQJPKWSA4iSk2bNvo6KU6RyPgYeHxXmzNKzPVRcypZQTpFgstHam6maVg==}
    engines: {node: '>= 10'}
    cpu: [arm64]
    os: [linux]
    libc: [glibc]

  '@reflink/reflink-linux-arm64-musl@0.1.19':
    resolution: {integrity: sha512-37iO/Dp6m5DDaC2sf3zPtx/hl9FV3Xze4xoYidrxxS9bgP3S8ALroxRK6xBG/1TtfXKTvolvp+IjrUU6ujIGmA==}
    engines: {node: '>= 10'}
    cpu: [arm64]
    os: [linux]
    libc: [musl]

  '@reflink/reflink-linux-x64-gnu@0.1.19':
    resolution: {integrity: sha512-jbI8jvuYCaA3MVUdu8vLoLAFqC+iNMpiSuLbxlAgg7x3K5bsS8nOpTRnkLF7vISJ+rVR8W+7ThXlXlUQ93ulkw==}
    engines: {node: '>= 10'}
    cpu: [x64]
    os: [linux]
    libc: [glibc]

  '@reflink/reflink-linux-x64-musl@0.1.19':
    resolution: {integrity: sha512-e9FBWDe+lv7QKAwtKOt6A2W/fyy/aEEfr0g6j/hWzvQcrzHCsz07BNQYlNOjTfeytrtLU7k449H1PI95jA4OjQ==}
    engines: {node: '>= 10'}
    cpu: [x64]
    os: [linux]
    libc: [musl]

  '@reflink/reflink-win32-arm64-msvc@0.1.19':
    resolution: {integrity: sha512-09PxnVIQcd+UOn4WAW73WU6PXL7DwGS6wPlkMhMg2zlHHG65F3vHepOw06HFCq+N42qkaNAc8AKIabWvtk6cIQ==}
    engines: {node: '>= 10'}
    cpu: [arm64]
    os: [win32]

  '@reflink/reflink-win32-x64-msvc@0.1.19':
    resolution: {integrity: sha512-E//yT4ni2SyhwP8JRjVGWr3cbnhWDiPLgnQ66qqaanjjnMiu3O/2tjCPQXlcGc/DEYofpDc9fvhv6tALQsMV9w==}
    engines: {node: '>= 10'}
    cpu: [x64]
    os: [win32]

  '@reflink/reflink@0.1.19':
    resolution: {integrity: sha512-DmCG8GzysnCZ15bres3N5AHCmwBwYgp0As6xjhQ47rAUTUXxJiK+lLUxaGsX3hd/30qUpVElh05PbGuxRPgJwA==}
    engines: {node: '>= 10'}

  detect-libc@2.1.2:
    resolution: {integrity: sha512-Btj2BOOO83o3WyH59e8MgXsxEQVcarkUOpEYrubB0urwnN10yQ364rsiByU11nZlqWYZm05i/of7io4mzihBtQ==}
    engines: {node: '>=8'}

  pnpm@11.7.0:
    resolution: {integrity: sha512-GcyFLBIMcSV2DyRD7mvgyltA+fUFmN4aCaHxd1A+AQ5Xwjx3ZG4B52HeWb+HT7IqM5jDOrlpH8E+uUa28PTWIA==}
    engines: {node: '>=22.13'}
    hasBin: true

snapshots:

  '@pnpm/exe@11.7.0':
    dependencies:
      '@reflink/reflink': 0.1.19
      detect-libc: 2.1.2
    optionalDependencies:
      '@pnpm/linux-arm64': 11.7.0
      '@pnpm/linux-x64': 11.7.0
      '@pnpm/linuxstatic-arm64': 11.7.0
      '@pnpm/linuxstatic-x64': 11.7.0
      '@pnpm/macos-arm64': 11.7.0
      '@pnpm/win-arm64': 11.7.0
      '@pnpm/win-x64': 11.7.0

  '@pnpm/linux-arm64@11.7.0':
    optional: true

  '@pnpm/linux-x64@11.7.0':
    optional: true

  '@pnpm/linuxstatic-arm64@11.7.0':
    optional: true

  '@pnpm/linuxstatic-x64@11.7.0':
    optional: true

  '@pnpm/macos-arm64@11.7.0':
    optional: true

  '@pnpm/win-arm64@11.7.0':
    optional: true

  '@pnpm/win-x64@11.7.0':
    optional: true

  '@reflink/reflink-darwin-arm64@0.1.19':
    optional: true

  '@reflink/reflink-darwin-x64@0.1.19':
    optional: true

  '@reflink/reflink-linux-arm64-gnu@0.1.19':
    optional: true

  '@reflink/reflink-linux-arm64-musl@0.1.19':
    optional: true

  '@reflink/reflink-linux-x64-gnu@0.1.19':
    optional: true

  '@reflink/reflink-linux-x64-musl@0.1.19':
    optional: true

  '@reflink/reflink-win32-arm64-msvc@0.1.19':
    optional: true

  '@reflink/reflink-win32-x64-msvc@0.1.19':
    optional: true

  '@reflink/reflink@0.1.19':
    optionalDependencies:
      '@reflink/reflink-darwin-arm64': 0.1.19
      '@reflink/reflink-darwin-x64': 0.1.19
      '@reflink/reflink-linux-arm64-gnu': 0.1.19
      '@reflink/reflink-linux-arm64-musl': 0.1.19
      '@reflink/reflink-linux-x64-gnu': 0.1.19
      '@reflink/reflink-linux-x64-musl': 0.1.19
      '@reflink/reflink-win32-arm64-msvc': 0.1.19
      '@reflink/reflink-win32-x64-msvc': 0.1.19

  detect-libc@2.1.2: {}

  pnpm@11.7.0: {}

---
lockfileVersion: '9.0'

settings:
  autoInstallPeers: true
  excludeLinksFromLockfile: false

importers:

  .:
    dependencies:
      '@awesome.me/webawesome':
        specifier: ^3.10.0
        version: 3.10.0(@floating-ui/utils@0.2.11)(@types/react@19.2.17)
      '@fontsource/be-vietnam-pro':
        specifier: ^5.2.8
        version: 5.2.8
      '@fontsource/fira-code':
        specifier: ^5.2.7
        version: 5.2.7
      '@fontsource/noto-sans':
        specifier: ^5.2.10
        version: 5.2.10
      '@fontsource/noto-sans-jp':
        specifier: ^5.2.9
        version: 5.2.9
      '@fontsource/noto-sans-kr':
        specifier: ^5.2.9
        version: 5.2.9
      '@fontsource/noto-sans-tc':
        specifier: ^5.2.9
        version: 5.2.9
      '@fontsource/noto-serif':
        specifier: ^5.2.9
        version: 5.2.9
      '@fontsource/noto-serif-jp':
        specifier: ^5.2.8
        version: 5.2.8
      '@fontsource/noto-serif-kr':
        specifier: ^5.2.9
        version: 5.2.9
      '@fontsource/noto-serif-tc':
        specifier: ^5.2.10
        version: 5.2.10
    devDependencies:
      '@playwright/test':
        specifier: ^1.61.1
        version: 1.61.1

packages:

  '@awesome.me/webawesome@3.10.0':
    resolution: {integrity: sha512-QrVKGTiz9OhtIoDic7RF6o1x5ShnJI7jgxK93uoSBh3INYlUyejKYXohXqpJ2cgjIJqfo0jMSQygd1Ty96QOMA==}
    engines: {node: '>=14.17.0'}

  '@ctrl/tinycolor@4.1.0':
    resolution: {integrity: sha512-WyOx8cJQ+FQus4Mm4uPIZA64gbk3Wxh0so5Lcii0aJifqwoVOlfFtorjLE0Hen4OYyHZMXDWqMmaQemBhgxFRQ==}
    engines: {node: '>=14'}

  '@floating-ui/core@1.7.5':
    resolution: {integrity: sha512-1Ih4WTWyw0+lKyFMcBHGbb5U5FtuHJuujoyyr5zTaWS5EYMeT6Jb2AuDeftsCsEuchO+mM2ij5+q9crhydzLhQ==}

  '@floating-ui/dom@1.7.6':
    resolution: {integrity: sha512-9gZSAI5XM36880PPMm//9dfiEngYoC6Am2izES1FF406YFsjvyBMmeJ2g4SAju3xWwtuynNRFL2s9hgxpLI5SQ==}

  '@floating-ui/utils@0.2.11':
    resolution: {integrity: sha512-RiB/yIh78pcIxl6lLMG0CgBXAZ2Y0eVHqMPYugu+9U0AeT6YBeiJpf7lbdJNIugFP5SIjwNRgo4DhR1Qxi26Gg==}

  '@fontsource/be-vietnam-pro@5.2.8':
    resolution: {integrity: sha512-lqTtfpkAy0GdFH0fqwR0sW4VP+3CNGaQV6SpW2TSZaNmixZMlou+2dp5ErGidrS1MPiDDPfPbfW2i358PVFLZA==}

  '@fontsource/fira-code@5.2.7':
    resolution: {integrity: sha512-tnB9NNund9TwIym8/7DMJe573nlPEQb+fKUV5GL8TBYXjIhDvL0D7mgmNVNQUPhXp+R7RylQeiBdkA4EbOHPGQ==}

  '@fontsource/noto-sans-jp@5.2.9':
    resolution: {integrity: sha512-6yVGiofnrnbiJjU8ch4JGSs2HqyozxMvsVyVmFwOnDH3u//qQKLqmKM4n0lqN0637uaJNzUW9nIJqbbMgHVQzw==}

  '@fontsource/noto-sans-kr@5.2.9':
    resolution: {integrity: sha512-pbF8F0rUzKkDmnk/KYGAbxjgW4TrIHdFKnV6OQ+kUC9ELCn5utrAURcEgMqq3J9SRX+FvjOz+aBCmfcC8/r7cw==}

  '@fontsource/noto-sans-tc@5.2.9':
    resolution: {integrity: sha512-Z+pXTvXYrip79lPV9X1lCYO3UTys55P25VqcifDStIzdZ86I4R6t8dz+NhGd09YdbvHWvOCB5Icw1m7glKHPNQ==}

  '@fontsource/noto-sans@5.2.10':
    resolution: {integrity: sha512-J58RVfS/C0Z2VBF+PoU260Tx8cdRGYuS+e3yQe4hYaIYDl0sEVn5CzlLo5zVRvQD0HaIUTV8AZMfqR7rtdEpqQ==}

  '@fontsource/noto-serif-jp@5.2.8':
    resolution: {integrity: sha512-x+tGrrK+4t/hoHLxAl7Ry5nN8CVPermqz0fD7HtCXzBJSxzFKxNH9y+cuOD3gZW0tyKZ2CD7WvuAfHbISvjL5Q==}

  '@fontsource/noto-serif-kr@5.2.9':
    resolution: {integrity: sha512-DqWJwPt1yduqF/XRD7S1QrJPoLw3qFxtGgp8sZMB2Tb+mahDXkVm3zD/G+MvF0fIxqSWrnl/iyHotKkfFosepw==}

  '@fontsource/noto-serif-tc@5.2.10':
    resolution: {integrity: sha512-oxetD2CojPqT3ckha45cUamUVOfuuae4mkULupvjIwv5nW/AGQmpKW2x8PvY62vixRXLs+uYqbZT1TY3RJ42tg==}

  '@fontsource/noto-serif@5.2.9':
    resolution: {integrity: sha512-A2b7XBo0dSxxTZg95Ap/HLinXq1pEM8PzSvbBFtPMZM5/1BLKEU1dR+PBnLixvOdcC7mup+/NjmyLryQ1E9WeA==}

  '@konnorr/qr-creator@1.0.1':
    resolution: {integrity: sha512-EmRR9rny1ENBtQy7TLOguO/79h1EpzXUmqIdMTGp2BW8NkZtRRPr5hmQcE+n9QXYo4T8NjcaJ14hnZg+s/+K+A==}

  '@lit-labs/ssr-client@1.1.8':
    resolution: {integrity: sha512-PjGh81oKsoI64m3IDjTqqjhC7dr2uC/o0jrllUb5gRAyp/RlAHxapgJrjq9kWz97faCHLQ8jUlTi6tGm+8fgyA==}

  '@lit-labs/ssr-dom-shim@1.6.0':
    resolution: {integrity: sha512-VHb0ALPMTlgKjM6yIxxoQNnpKyUKLD04VzeQdsiXkMqkvYlAHxq9glGLmgbb889/1GsohSOAjvQYoiBppXFqrQ==}

  '@lit-labs/ssr@4.1.0':
    resolution: {integrity: sha512-m0zymVVlHB1ddJQ1lastsV8ROW3whFOiHJhVPQWd04MnGTkTlUUVLQctux1QlyD9BtLXNN6iASxv388vhgKMFg==}
    engines: {node: '>=13.9.0'}
    peerDependencies:
      '@types/node': '>=20.0.0 <25.0.0'
    peerDependenciesMeta:
      '@types/node':
        optional: true

  '@lit/context@1.1.6':
    resolution: {integrity: sha512-M26qDE6UkQbZA2mQ3RjJ3Gzd8TxP+/0obMgE5HfkfLhEEyYE3Bui4A5XHiGPjy0MUGAyxB3QgVuw2ciS0kHn6A==}

  '@lit/react@1.0.8':
    resolution: {integrity: sha512-p2+YcF+JE67SRX3mMlJ1TKCSTsgyOVdAwd/nxp3NuV1+Cb6MWALbN6nT7Ld4tpmYofcE5kcaSY1YBB9erY+6fw==}
    peerDependencies:
      '@types/react': 17 || 18 || 19

  '@lit/reactive-element@2.1.2':
    resolution: {integrity: sha512-pbCDiVMnne1lYUIaYNN5wrwQXDtHaYtg7YEFPeW+hws6U47WeFvISGUWekPGKWOP1ygrs0ef0o1VJMk1exos5A==}

  '@parse5/tools@0.3.0':
    resolution: {integrity: sha512-zxRyTHkqb7WQMV8kTNBKWb1BeOFUKXBXTBWuxg9H9hfvQB3IwP6Iw2U75Ia5eyRxPNltmY7E8YAlz6zWwUnjKg==}

  '@playwright/test@1.61.1':
    resolution: {integrity: sha512-8nKv6+0RJSL9FE4jYOEGXnPeM/Hg12qZpmqzZjRh3qM0Y7c3z1mrOTfFLids72RDQYVh9WpLEfR5WdpNX4fkig==}
    engines: {node: '>=18'}
    hasBin: true

  '@shoelace-style/animations@1.2.0':
    resolution: {integrity: sha512-avvo1xxkLbv2dgtabdewBbqcJfV0e0zCwFqkPMnHFGbJbBHorRFfMAHh1NG9ymmXn0jW95ibUVH03E1NYXD6Gw==}

  '@shoelace-style/localize@3.2.2':
    resolution: {integrity: sha512-h3+2/cFWGaw3KQUwintkP4Cy3PtrVW//ysr9DM5nOfIXYekgrHwsELk/nyxc8hmjVP/Kcon7KCzvUtSwUBipfQ==}

  '@types/react@19.2.17':
    resolution: {integrity: sha512-MXfmqaVPEVgkBT/aY0aGCkRWWtByiYQXo3xdQ8r5RzuFrPiRn8Gar2tQdXSUQ2GKV3bkXckek89V8wQBY2Q/Aw==}

  '@types/trusted-types@2.0.7':
    resolution: {integrity: sha512-ScaPdn1dQczgbl0QFTeTOmVHFULt394XJgOQNoyVhZ6r2vLnMLJfBPd53SB52T/3G36VI1/g2MZaX0cwDuXsfw==}

  composed-offset-position@0.0.6:
    resolution: {integrity: sha512-Q7dLompI6lUwd7LWyIcP66r4WcS9u7AL2h8HaeipiRfCRPLMWqRx8fYsjb4OHi6UQFifO7XtNC2IlEJ1ozIFxw==}
    peerDependencies:
      '@floating-ui/utils': ^0.2.5

  csstype@3.2.3:
    resolution: {integrity: sha512-z1HGKcYy2xA8AGQfwrn0PAy+PB7X/GSj3UVJW9qKyn43xWa+gl5nXmU4qqLMRzWVLFC8KusUX8T/0kCiOYpAIQ==}

  data-uri-to-buffer@4.0.1:
    resolution: {integrity: sha512-0R9ikRb668HB7QDxT1vkpuUBtqc53YyAwMwGeUFKRojY/NWKvdZ+9UYtRfGmhqNbRkTSVpMbmyhXipFFv2cb/A==}
    engines: {node: '>= 12'}

  enhanced-resolve@5.24.2:
    resolution: {integrity: sha512-rpsZEGT1jFuve6QlpyRp9ckQ+kN61hvF9BzCPyMdaKTm8UJce96KBn3sorXOFXlzjPrs3Vc4T1NsSroZ3PxlFw==}
    engines: {node: '>=10.13.0'}

  entities@6.0.1:
    resolution: {integrity: sha512-aN97NXWF6AWBTahfVOIrB/NShkzi5H7F9r1s9mD3cDj4Ko5f2qhhVoYMibXF7GlLveb/D2ioWay8lxI97Ven3g==}
    engines: {node: '>=0.12'}

  fetch-blob@3.2.0:
    resolution: {integrity: sha512-7yAQpD2UMJzLi1Dqv7qFYnPbaPx7ZfFK6PiIxQ4PfkGPyNyl2Ugx+a/umUonmKqjhM4DnfbMvdX6otXq83soQQ==}
    engines: {node: ^12.20 || >= 14.13}

  formdata-polyfill@4.0.10:
    resolution: {integrity: sha512-buewHzMvYL29jdeQTVILecSaZKnt/RJWjoZCF5OW60Z67/GmSLBkOFM7qh1PI3zFNtJbaZL5eQu1vLfazOwj4g==}
    engines: {node: '>=12.20.0'}

  fsevents@2.3.2:
    resolution: {integrity: sha512-xiqMQR4xAeHTuB9uWm+fFRcIOgKBMiOBP+eXiyT7jsgVCq1bkVygt00oASowB7EdtpOHaaPgKt812P9ab+DDKA==}
    engines: {node: ^8.16.0 || ^10.6.0 || >=11.0.0}
    os: [darwin]

  graceful-fs@4.2.11:
    resolution: {integrity: sha512-RbJ5/jmFcNNCcDV5o9eTnBLJ/HszWV0P73bc+Ff4nS/rJj+YaS6IGyiOL0VoBYX+l1Wrl3k63h/KrH+nhJ0XvQ==}

  lit-element@4.2.2:
    resolution: {integrity: sha512-aFKhNToWxoyhkNDmWZwEva2SlQia+jfG0fjIWV//YeTaWrVnOxD89dPKfigCUspXFmjzOEUQpOkejH5Ly6sG0w==}

  lit-html@3.3.3:
    resolution: {integrity: sha512-el8M6jK2o3RXBnrSHX3ZKrsN8zEV63pSExTO1wYJz7QndGYZ8353e2a5PPX+qHe2aGayfnchQmkAojaWAREOIA==}

  lit@3.3.3:
    resolution: {integrity: sha512-fycuvZg/hkpozL00lm1pEJH5nN/lr9ZXd6mJI2HSN4+Bzc+LDNdEApJ6HFbPkdFNHLvOplIIuJvxkS4XUxqirw==}

  marked@11.2.0:
    resolution: {integrity: sha512-HR0m3bvu0jAPYiIvLUUQtdg1g6D247//lvcekpHO1WMvbwDlwSkZAX9Lw4F4YHE1T0HaaNve0tuAWuV1UJ6vtw==}
    engines: {node: '>= 18'}
    hasBin: true

  nanoid@5.1.16:
    resolution: {integrity: sha512-kVrnsrJqMR8+oLJnGEmSWw9BivK5mt7H3FZatVRjrc5wGqFYuBxX1yG7+A7Gi5AefkX6t/oCkizcQgpu0cY1dQ==}
    engines: {node: ^18 || >=20}
    hasBin: true

  node-domexception@1.0.0:
    resolution: {integrity: sha512-/jKZoMpw0F8GRwl4/eLROPA3cfcXtLApP0QzLmUT/HuPCZWyB7IY9ZrMeKw2O/nFIqPQB3PVM9aYm0F312AXDQ==}
    engines: {node: '>=10.5.0'}
    deprecated: Use your platform's native DOMException instead

  node-fetch@3.3.2:
    resolution: {integrity: sha512-dRB78srN/l6gqWulah9SrxeYnxeddIG30+GOqK/9OlLVyLg3HPnr6SqOWTWOXKRwC2eGYCkZ59NNuSgvSrpgOA==}
    engines: {node: ^12.20.0 || ^14.13.1 || >=16.0.0}

  parse5@7.3.0:
    resolution: {integrity: sha512-IInvU7fabl34qmi9gY8XOVxhYyMyuH2xUNpb2q8/Y+7552KlejkRvqvD19nMoUW/uQGGbqNpA6Tufu5FL5BZgw==}

  playwright-core@1.61.1:
    resolution: {integrity: sha512-h7Qlt6m4REp25qvIdvbDtVmD4LqVXfpRxhORv9L0jzETM05p4fuPJ3dKyuSXQxDSbXnmS79HAgi9589lGSpLkg==}
    engines: {node: '>=18'}
    hasBin: true

  playwright@1.61.1:
    resolution: {integrity: sha512-DWnY5o3YbLWK4GovuAVwpqL+1VwGNdUGrRr++8j8PtQQzvAVZUIMjKQ90fY689sEJZJBbZVw1rXaOKSTitkzPQ==}
    engines: {node: '>=18'}
    hasBin: true

  tapable@2.3.3:
    resolution: {integrity: sha512-uxc/zpqFg6x7C8vOE7lh6Lbda8eEL9zmVm/PLeTPBRhh1xCgdWaQ+J1CUieGpIfm2HdtsUpRv+HshiasBMcc6A==}
    engines: {node: '>=6'}

  web-streams-polyfill@3.3.3:
    resolution: {integrity: sha512-d2JWLCivmZYTSIoge9MsgFCZrt571BikcWGYkjC1khllbTeDlGqZ2D8vD8E/lJa8WGWbb7Plm8/XJYV7IJHZZw==}
    engines: {node: '>= 8'}

snapshots:

  '@awesome.me/webawesome@3.10.0(@floating-ui/utils@0.2.11)(@types/react@19.2.17)':
    dependencies:
      '@ctrl/tinycolor': 4.1.0
      '@floating-ui/dom': 1.7.6
      '@konnorr/qr-creator': 1.0.1
      '@lit-labs/ssr': 4.1.0
      '@lit-labs/ssr-client': 1.1.8
      '@lit/context': 1.1.6
      '@lit/react': 1.0.8(@types/react@19.2.17)
      '@shoelace-style/animations': 1.2.0
      '@shoelace-style/localize': 3.2.2
      composed-offset-position: 0.0.6(@floating-ui/utils@0.2.11)
      lit: 3.3.3
      marked: 11.2.0
      nanoid: 5.1.16
    transitivePeerDependencies:
      - '@floating-ui/utils'
      - '@types/node'
      - '@types/react'

  '@ctrl/tinycolor@4.1.0': {}

  '@floating-ui/core@1.7.5':
    dependencies:
      '@floating-ui/utils': 0.2.11

  '@floating-ui/dom@1.7.6':
    dependencies:
      '@floating-ui/core': 1.7.5
      '@floating-ui/utils': 0.2.11

  '@floating-ui/utils@0.2.11': {}

  '@fontsource/be-vietnam-pro@5.2.8': {}

  '@fontsource/fira-code@5.2.7': {}

  '@fontsource/noto-sans-jp@5.2.9': {}

  '@fontsource/noto-sans-kr@5.2.9': {}

  '@fontsource/noto-sans-tc@5.2.9': {}

  '@fontsource/noto-sans@5.2.10': {}

  '@fontsource/noto-serif-jp@5.2.8': {}

  '@fontsource/noto-serif-kr@5.2.9': {}

  '@fontsource/noto-serif-tc@5.2.10': {}

  '@fontsource/noto-serif@5.2.9': {}

  '@konnorr/qr-creator@1.0.1': {}

  '@lit-labs/ssr-client@1.1.8':
    dependencies:
      '@lit/reactive-element': 2.1.2
      lit: 3.3.3
      lit-html: 3.3.3

  '@lit-labs/ssr-dom-shim@1.6.0': {}

  '@lit-labs/ssr@4.1.0':
    dependencies:
      '@lit-labs/ssr-client': 1.1.8
      '@lit-labs/ssr-dom-shim': 1.6.0
      '@lit/reactive-element': 2.1.2
      '@parse5/tools': 0.3.0
      enhanced-resolve: 5.24.2
      lit: 3.3.3
      lit-element: 4.2.2
      lit-html: 3.3.3
      node-fetch: 3.3.2
      parse5: 7.3.0

  '@lit/context@1.1.6':
    dependencies:
      '@lit/reactive-element': 2.1.2

  '@lit/react@1.0.8(@types/react@19.2.17)':
    dependencies:
      '@types/react': 19.2.17

  '@lit/reactive-element@2.1.2':
    dependencies:
      '@lit-labs/ssr-dom-shim': 1.6.0

  '@parse5/tools@0.3.0':
    dependencies:
      parse5: 7.3.0

  '@playwright/test@1.61.1':
    dependencies:
      playwright: 1.61.1

  '@shoelace-style/animations@1.2.0': {}

  '@shoelace-style/localize@3.2.2': {}

  '@types/react@19.2.17':
    dependencies:
      csstype: 3.2.3

  '@types/trusted-types@2.0.7': {}

  composed-offset-position@0.0.6(@floating-ui/utils@0.2.11):
    dependencies:
      '@floating-ui/utils': 0.2.11

  csstype@3.2.3: {}

  data-uri-to-buffer@4.0.1: {}

  enhanced-resolve@5.24.2:
    dependencies:
      graceful-fs: 4.2.11
      tapable: 2.3.3

  entities@6.0.1: {}

  fetch-blob@3.2.0:
    dependencies:
      node-domexception: 1.0.0
      web-streams-polyfill: 3.3.3

  formdata-polyfill@4.0.10:
    dependencies:
      fetch-blob: 3.2.0

  fsevents@2.3.2:
    optional: true

  graceful-fs@4.2.11: {}

  lit-element@4.2.2:
    dependencies:
      '@lit-labs/ssr-dom-shim': 1.6.0
      '@lit/reactive-element': 2.1.2
      lit-html: 3.3.3

  lit-html@3.3.3:
    dependencies:
      '@types/trusted-types': 2.0.7

  lit@3.3.3:
    dependencies:
      '@lit/reactive-element': 2.1.2
      lit-element: 4.2.2
      lit-html: 3.3.3

  marked@11.2.0: {}

  nanoid@5.1.16: {}

  node-domexception@1.0.0: {}

  node-fetch@3.3.2:
    dependencies:
      data-uri-to-buffer: 4.0.1
      fetch-blob: 3.2.0
      formdata-polyfill: 4.0.10

  parse5@7.3.0:
    dependencies:
      entities: 6.0.1

  playwright-core@1.61.1: {}

  playwright@1.61.1:
    dependencies:
      playwright-core: 1.61.1
    optionalDependencies:
      fsevents: 2.3.2

  tapable@2.3.3: {}

  web-streams-polyfill@3.3.3: {}
